
Microsoft Visual Studio Solution File, Format Version 12.00
# Visual Studio Version 16
VisualStudioVersion = 16.0.31729.503
MinimumVisualStudioVersion = 10.0.40219.1
Project("{FAE04EC0-301F-11D3-BF4B-00C04F79EFBC}") = "LABS03_RP", "LABS03_RP\LABS03_RP.csproj", "{03BBED4B-652C-4A17-AC92-FEB87559C015}"
EndProject
Global
	GlobalSection(SolutionConfigurationPlatforms) = preSolution
		Debug|Any CPU = Debug|Any CPU
		Release|Any CPU = Release|Any CPU
	EndGlobalSection
	GlobalSection(ProjectConfigurationPlatforms) = postSolution
		{03BBED4B-652C-4A17-AC92-FEB87559C015}.Debug|Any CPU.ActiveCfg = Debug|Any CPU
		{03BBED4B-652C-4A17-AC92-FEB87559C015}.Debug|Any CPU.Build.0 = Debug|Any CPU
		{03BBED4B-652C-4A17-AC92-FEB87559C015}.Release|Any CPU.ActiveCfg = Release|Any CPU
		{03BBED4B-652C-4A17-AC92-FEB87559C015}.Release|Any CPU.Build.0 = Release|Any CPU
	EndGlobalSection
	GlobalSection(SolutionProperties) = preSolution
		HideSolutionNode = FALSE
	EndGlobalSection
	GlobalSection(ExtensibilityGlobals) = postSolution
		SolutionGuid = {0E7F0873-7DA9-4ADE-A2F9-1906DC53E3F8}
	EndGlobalSection
EndGlobal
